
Microsoft Visual Studio Solution File, Format Version 12.00
# Visual Studio Version 17
VisualStudioVersion = 17.6.33815.320
MinimumVisualStudioVersion = 10.0.40219.1
Project("{FAE04EC0-301F-11D3-BF4B-00C04F79EFBC}") = "MovieStore", "MovieStore\MovieStore.csproj", "{F312D126-3C94-4FDF-812F-57CADE3F5FFC}"
EndProject
Global
	GlobalSection(SolutionConfigurationPlatforms) = preSolution
		Debug|Any CPU = Debug|Any CPU
		Release|Any CPU = Release|Any CPU
	EndGlobalSection
	GlobalSection(ProjectConfigurationPlatforms) = postSolution
		{F312D126-3C94-4FDF-812F-57CADE3F5FFC}.Debug|Any CPU.ActiveCfg = Debug|Any CPU
		{F312D126-3C94-4FDF-812F-57CADE3F5FFC}.Debug|Any CPU.Build.0 = Debug|Any CPU
		{F312D126-3C94-4FDF-812F-57CADE3F5FFC}.Release|Any CPU.ActiveCfg = Release|Any CPU
		{F312D126-3C94-4FDF-812F-57CADE3F5FFC}.Release|Any CPU.Build.0 = Release|Any CPU
	EndGlobalSection
	GlobalSection(SolutionProperties) = preSolution
		HideSolutionNode = FALSE
	EndGlobalSection
	GlobalSection(ExtensibilityGlobals) = postSolution
		SolutionGuid = {EC09D636-C2D9-4D5C-B3E1-46C242D5B2AC}
	EndGlobalSection
EndGlobal
